// !$*UTF8*$!
{
	archiveVersion = 1;
	classes = {
	};
	objectVersion = 77;
	objects = {

/* Begin PBXBuildFile section */
		7340D3552D530A5000F27582 /* FirebaseAnalytics in Frameworks */ = {isa = PBXBuildFile; productRef = 7340D3542D530A5000F27582 /* FirebaseAnalytics */; };
		7340D3572D530A5000F27582 /* FirebaseAppCheck in Frameworks */ = {isa = PBXBuildFile; productRef = 7340D3562D530A5000F27582 /* FirebaseAppCheck */; };
		7340D3592D530A5000F27582 /* FirebaseAuth in Frameworks */ = {isa = PBXBuildFile; productRef = 7340D3582D530A5000F27582 /* FirebaseAuth */; };
		7340D35B2D530A5000F27582 /* FirebaseCore in Frameworks */ = {isa = PBXBuildFile; productRef = 7340D35A2D530A5000F27582 /* FirebaseCore */; };
		7340D35D2D530A5000F27582 /* FirebaseCrashlytics in Frameworks */ = {isa = PBXBuildFile; productRef = 7340D35C2D530A5000F27582 /* FirebaseCrashlytics */; };
		7340D35F2D530A5000F27582 /* FirebaseDatabase in Frameworks */ = {isa = PBXBuildFile; productRef = 7340D35E2D530A5000F27582 /* FirebaseDatabase */; };
		7340D3612D530A5000F27582 /* FirebaseFirestore in Frameworks */ = {isa = PBXBuildFile; productRef = 7340D3602D530A5000F27582 /* FirebaseFirestore */; };
		7340D3632D530A5000F27582 /* FirebaseFunctions in Frameworks */ = {isa = PBXBuildFile; productRef = 7340D3622D530A5000F27582 /* FirebaseFunctions */; };
		7340D3652D530A5000F27582 /* FirebaseMessaging in Frameworks */ = {isa = PBXBuildFile; productRef = 7340D3642D530A5000F27582 /* FirebaseMessaging */; };
		7340D3672D530A5000F27582 /* FirebaseStorage in Frameworks */ = {isa = PBXBuildFile; productRef = 7340D3662D530A5000F27582 /* FirebaseStorage */; };
/* End PBXBuildFile section */

/* Begin PBXContainerItemProxy section */
		7340D3362D530A1F00F27582 /* PBXContainerItemProxy */ = {
			isa = PBXContainerItemProxy;
			containerPortal = 7340D31D2D530A1E00F27582 /* Project object */;
			proxyType = 1;
			remoteGlobalIDString = 7340D3242D530A1E00F27582;
			remoteInfo = ProductivityTalk;
		};
		7340D3402D530A1F00F27582 /* PBXContainerItemProxy */ = {
			isa = PBXContainerItemProxy;
			containerPortal = 7340D31D2D530A1E00F27582 /* Project object */;
			proxyType = 1;
			remoteGlobalIDString = 7340D3242D530A1E00F27582;
			remoteInfo = ProductivityTalk;
		};
/* End PBXContainerItemProxy section */

/* Begin PBXFileReference section */
		7340D3252D530A1E00F27582 /* ProductivityTalk.app */ = {isa = PBXFileReference; explicitFileType = wrapper.application; includeInIndex = 0; path = ProductivityTalk.app; sourceTree = BUILT_PRODUCTS_DIR; };
		7340D3352D530A1F00F27582 /* ProductivityTalkTests.xctest */ = {isa = PBXFileReference; explicitFileType = wrapper.cfbundle; includeInIndex = 0; path = ProductivityTalkTests.xctest; sourceTree = BUILT_PRODUCTS_DIR; };
		7340D33F2D530A1F00F27582 /* ProductivityTalkUITests.xctest */ = {isa = PBXFileReference; explicitFileType = wrapper.cfbundle; includeInIndex = 0; path = ProductivityTalkUITests.xctest; sourceTree = BUILT_PRODUCTS_DIR; };
/* End PBXFileReference section */

/* Begin PBXFileSystemSynchronizedRootGroup section */
		7340D3272D530A1E00F27582 /* ProductivityTalk */ = {
			isa = PBXFileSystemSynchronizedRootGroup;
			path = ProductivityTalk;
			sourceTree = "<group>";
		};
		7340D3382D530A1F00F27582 /* ProductivityTalkTests */ = {
			isa = PBXFileSystemSynchronizedRootGroup;
			path = ProductivityTalkTests;
			sourceTree = "<group>";
		};
		7340D3422D530A1F00F27582 /* ProductivityTalkUITests */ = {
			isa = PBXFileSystemSynchronizedRootGroup;
			path = ProductivityTalkUITests;
			sourceTree = "<group>";
		};
/* End PBXFileSystemSynchronizedRootGroup section */

/* Begin PBXFrameworksBuildPhase section */
		7340D3222D530A1E00F27582 /* Frameworks */ = {
			isa = PBXFrameworksBuildPhase;
			buildActionMask = 2147483647;
			files = (
				7340D3652D530A5000F27582 /* FirebaseMessaging in Frameworks */,
				7340D35F2D530A5000F27582 /* FirebaseDatabase in Frameworks */,
				7340D3572D530A5000F27582 /* FirebaseAppCheck in Frameworks */,
				7340D3672D530A5000F27582 /* FirebaseStorage in Frameworks */,
				7340D3592D530A5000F27582 /* FirebaseAuth in Frameworks */,
				7340D3632D530A5000F27582 /* FirebaseFunctions in Frameworks */,
				7340D35D2D530A5000F27582 /* FirebaseCrashlytics in Frameworks */,
				7340D35B2D530A5000F27582 /* FirebaseCore in Frameworks */,
				7340D3552D530A5000F27582 /* FirebaseAnalytics in Frameworks */,
				7340D3612D530A5000F27582 /* FirebaseFirestore in Frameworks */,
			);
			runOnlyForDeploymentPostprocessing = 0;
		};
		7340D3322D530A1F00F27582 /* Frameworks */ = {
			isa = PBXFrameworksBuildPhase;
			buildActionMask = 2147483647;
			files = (
			);
			runOnlyForDeploymentPostprocessing = 0;
		};
		7340D33C2D530A1F00F27582 /* Frameworks */ = {
			isa = PBXFrameworksBuildPhase;
			buildActionMask = 2147483647;
			files = (
			);
			runOnlyForDeploymentPostprocessing = 0;
		};
/* End PBXFrameworksBuildPhase section */

/* Begin PBXGroup section */
		7340D31C2D530A1E00F27582 = {
			isa = PBXGroup;
			children = (
				7340D3272D530A1E00F27582 /* ProductivityTalk */,
				7340D3382D530A1F00F27582 /* ProductivityTalkTests */,
				7340D3422D530A1F00F27582 /* ProductivityTalkUITests */,
				7340D3532D530A5000F27582 /* Frameworks */,
				7340D3262D530A1E00F27582 /* Products */,
			);
			sourceTree = "<group>";
		};
		7340D3262D530A1E00F27582 /* Products */ = {
			isa = PBXGroup;
			children = (
				7340D3252D530A1E00F27582 /* ProductivityTalk.app */,
				7340D3352D530A1F00F27582 /* ProductivityTalkTests.xctest */,
				7340D33F2D530A1F00F27582 /* ProductivityTalkUITests.xctest */,
			);
			name = Products;
			sourceTree = "<group>";
		};
		7340D3532D530A5000F27582 /* Frameworks */ = {
			isa = PBXGroup;
			children = (
			);
			name = Frameworks;
			sourceTree = "<group>";
		};
/* End PBXGroup section */

/* Begin PBXNativeTarget section */
		7340D3242D530A1E00F27582 /* ProductivityTalk */ = {
			isa = PBXNativeTarget;
			buildConfigurationList = 7340D3492D530A1F00F27582 /* Build configuration list for PBXNativeTarget "ProductivityTalk" */;
			buildPhases = (
				7340D3212D530A1E00F27582 /* Sources */,
				7340D3222D530A1E00F27582 /* Frameworks */,
				7340D3232D530A1E00F27582 /* Resources */,
			);
			buildRules = (
			);
			dependencies = (
			);
			fileSystemSynchronizedGroups = (
				7340D3272D530A1E00F27582 /* ProductivityTalk */,
			);
			name = ProductivityTalk;
			packageProductDependencies = (
				7340D3542D530A5000F27582 /* FirebaseAnalytics */,
				7340D3562D530A5000F27582 /* FirebaseAppCheck */,
				7340D3582D530A5000F27582 /* FirebaseAuth */,
				7340D35A2D530A5000F27582 /* FirebaseCore */,
				7340D35C2D530A5000F27582 /* FirebaseCrashlytics */,
				7340D35E2D530A5000F27582 /* FirebaseDatabase */,
				7340D3602D530A5000F27582 /* FirebaseFirestore */,
				7340D3622D530A5000F27582 /* FirebaseFunctions */,
				7340D3642D530A5000F27582 /* FirebaseMessaging */,
				7340D3662D530A5000F27582 /* FirebaseStorage */,
			);
			productName = ProductivityTalk;
			productReference = 7340D3252D530A1E00F27582 /* ProductivityTalk.app */;
			productType = "com.apple.product-type.application";
		};
		7340D3342D530A1F00F27582 /* ProductivityTalkTests */ = {
			isa = PBXNativeTarget;
			buildConfigurationList = 7340D34C2D530A1F00F27582 /* Build configuration list for PBXNativeTarget "ProductivityTalkTests" */;
			buildPhases = (
				7340D3312D530A1F00F27582 /* Sources */,
				7340D3322D530A1F00F27582 /* Frameworks */,
				7340D3332D530A1F00F27582 /* Resources */,
			);
			buildRules = (
			);
			dependencies = (
				7340D3372D530A1F00F27582 /* PBXTargetDependency */,
			);
			fileSystemSynchronizedGroups = (
				7340D3382D530A1F00F27582 /* ProductivityTalkTests */,
			);
			name = ProductivityTalkTests;
			packageProductDependencies = (
			);
			productName = ProductivityTalkTests;
			productReference = 7340D3352D530A1F00F27582 /* ProductivityTalkTests.xctest */;
			productType = "com.apple.product-type.bundle.unit-test";
		};
		7340D33E2D530A1F00F27582 /* ProductivityTalkUITests */ = {
			isa = PBXNativeTarget;
			buildConfigurationList = 7340D34F2D530A1F00F27582 /* Build configuration list for PBXNativeTarget "ProductivityTalkUITests" */;
			buildPhases = (
				7340D33B2D530A1F00F27582 /* Sources */,
				7340D33C2D530A1F00F27582 /* Frameworks */,
				7340D33D2D530A1F00F27582 /* Resources */,
			);
			buildRules = (
			);
			dependencies = (
				7340D3412D530A1F00F27582 /* PBXTargetDependency */,
			);
			fileSystemSynchronizedGroups = (
				7340D3422D530A1F00F27582 /* ProductivityTalkUITests */,
			);
			name = ProductivityTalkUITests;
			packageProductDependencies = (
			);
			productName = ProductivityTalkUITests;
			productReference = 7340D33F2D530A1F00F27582 /* ProductivityTalkUITests.xctest */;
			productType = "com.apple.product-type.bundle.ui-testing";
		};
/* End PBXNativeTarget section */

/* Begin PBXProject section */
		7340D31D2D530A1E00F27582 /* Project object */ = {
			isa = PBXProject;
			attributes = {
				BuildIndependentTargetsInParallel = 1;
				LastSwiftUpdateCheck = 1620;
				LastUpgradeCheck = 1620;
				TargetAttributes = {
					7340D3242D530A1E00F27582 = {
						CreatedOnToolsVersion = 16.2;
					};
					7340D3342D530A1F00F27582 = {
						CreatedOnToolsVersion = 16.2;
						TestTargetID = 7340D3242D530A1E00F27582;
					};
					7340D33E2D530A1F00F27582 = {
						CreatedOnToolsVersion = 16.2;
						TestTargetID = 7340D3242D530A1E00F27582;
					};
				};
			};
			buildConfigurationList = 7340D3202D530A1E00F27582 /* Build configuration list for PBXProject "ProductivityTalk" */;
			developmentRegion = en;
			hasScannedForEncodings = 0;
			knownRegions = (
				en,
				Base,
			);
			mainGroup = 7340D31C2D530A1E00F27582;
			minimizedProjectReferenceProxies = 1;
			packageReferences = (
				7340D3522D530A3400F27582 /* XCRemoteSwiftPackageReference "firebase-ios-sdk" */,
			);
			preferredProjectObjectVersion = 77;
			productRefGroup = 7340D3262D530A1E00F27582 /* Products */;
			projectDirPath = "";
			projectRoot = "";
			targets = (
				7340D3242D530A1E00F27582 /* ProductivityTalk */,
				7340D3342D530A1F00F27582 /* ProductivityTalkTests */,
				7340D33E2D530A1F00F27582 /* ProductivityTalkUITests */,
			);
		};
/* End PBXProject section */

/* Begin PBXResourcesBuildPhase section */
		7340D3232D530A1E00F27582 /* Resources */ = {
			isa = PBXResourcesBuildPhase;
			buildActionMask = 2147483647;
			files = (
			);
			runOnlyForDeploymentPostprocessing = 0;
		};
		7340D3332D530A1F00F27582 /* Resources */ = {
			isa = PBXResourcesBuildPhase;
			buildActionMask = 2147483647;
			files = (
			);
			runOnlyForDeploymentPostprocessing = 0;
		};
		7340D33D2D530A1F00F27582 /* Resources */ = {
			isa = PBXResourcesBuildPhase;
			buildActionMask = 2147483647;
			files = (
			);
			runOnlyForDeploymentPostprocessing = 0;
		};
/* End PBXResourcesBuildPhase section */

/* Begin PBXSourcesBuildPhase section */
		7340D3212D530A1E00F27582 /* Sources */ = {
			isa = PBXSourcesBuildPhase;
			buildActionMask = 2147483647;
			files = (
			);
			runOnlyForDeploymentPostprocessing = 0;
		};
		7340D3312D530A1F00F27582 /* Sources */ = {
			isa = PBXSourcesBuildPhase;
			buildActionMask = 2147483647;
			files = (
			);
			runOnlyForDeploymentPostprocessing = 0;
		};
		7340D33B2D530A1F00F27582 /* Sources */ = {
			isa = PBXSourcesBuildPhase;
			buildActionMask = 2147483647;
			files = (
			);
			runOnlyForDeploymentPostprocessing = 0;
		};
/* End PBXSourcesBuildPhase section */

/* Begin PBXTargetDependency section */
		7340D3372D530A1F00F27582 /* PBXTargetDependency */ = {
			isa = PBXTargetDependency;
			target = 7340D3242D530A1E00F27582 /* ProductivityTalk */;
			targetProxy = 7340D3362D530A1F00F27582 /* PBXContainerItemProxy */;
		};
		7340D3412D530A1F00F27582 /* PBXTargetDependency */ = {
			isa = PBXTargetDependency;
			target = 7340D3242D530A1E00F27582 /* ProductivityTalk */;
			targetProxy = 7340D3402D530A1F00F27582 /* PBXContainerItemProxy */;
		};
/* End PBXTargetDependency section */

/* Begin XCBuildConfiguration section */
		7340D3472D530A1F00F27582 /* Debug */ = {
			isa = XCBuildConfiguration;
			buildSettings = {
				ALWAYS_SEARCH_USER_PATHS = NO;
				ASSETCATALOG_COMPILER_GENERATE_SWIFT_ASSET_SYMBOL_EXTENSIONS = YES;
				CLANG_ANALYZER_NONNULL = YES;
				CLANG_ANALYZER_NUMBER_OBJECT_CONVERSION = YES_AGGRESSIVE;
				CLANG_CXX_LANGUAGE_STANDARD = "gnu++20";
				CLANG_ENABLE_MODULES = YES;
				CLANG_ENABLE_OBJC_ARC = YES;
				CLANG_ENABLE_OBJC_WEAK = YES;
				CLANG_WARN_BLOCK_CAPTURE_AUTORELEASING = YES;
				CLANG_WARN_BOOL_CONVERSION = YES;
				CLANG_WARN_COMMA = YES;
				CLANG_WARN_CONSTANT_CONVERSION = YES;
				CLANG_WARN_DEPRECATED_OBJC_IMPLEMENTATIONS = YES;
				CLANG_WARN_DIRECT_OBJC_ISA_USAGE = YES_ERROR;
				CLANG_WARN_DOCUMENTATION_COMMENTS = YES;
				CLANG_WARN_EMPTY_BODY = YES;
				CLANG_WARN_ENUM_CONVERSION = YES;
				CLANG_WARN_INFINITE_RECURSION = YES;
				CLANG_WARN_INT_CONVERSION = YES;
				CLANG_WARN_NON_LITERAL_NULL_CONVERSION = YES;
				CLANG_WARN_OBJC_IMPLICIT_RETAIN_SELF = YES;
				CLANG_WARN_OBJC_LITERAL_CONVERSION = YES;
				CLANG_WARN_OBJC_ROOT_CLASS = YES_ERROR;
				CLANG_WARN_QUOTED_INCLUDE_IN_FRAMEWORK_HEADER = YES;
				CLANG_WARN_RANGE_LOOP_ANALYSIS = YES;
				CLANG_WARN_STRICT_PROTOTYPES = YES;
				CLANG_WARN_SUSPICIOUS_MOVE = YES;
				CLANG_WARN_UNGUARDED_AVAILABILITY = YES_AGGRESSIVE;
				CLANG_WARN_UNREACHABLE_CODE = YES;
				CLANG_WARN__DUPLICATE_METHOD_MATCH = YES;
				COPY_PHASE_STRIP = NO;
				DEBUG_INFORMATION_FORMAT = dwarf;
				ENABLE_STRICT_OBJC_MSGSEND = YES;
				ENABLE_TESTABILITY = YES;
				ENABLE_USER_SCRIPT_SANDBOXING = YES;
				GCC_C_LANGUAGE_STANDARD = gnu17;
				GCC_DYNAMIC_NO_PIC = NO;
				GCC_NO_COMMON_BLOCKS = YES;
				GCC_OPTIMIZATION_LEVEL = 0;
				GCC_PREPROCESSOR_DEFINITIONS = (
					"DEBUG=1",
					"$(inherited)",
				);
				GCC_WARN_64_TO_32_BIT_CONVERSION = YES;
				GCC_WARN_ABOUT_RETURN_TYPE = YES_ERROR;
				GCC_WARN_UNDECLARED_SELECTOR = YES;
				GCC_WARN_UNINITIALIZED_AUTOS = YES_AGGRESSIVE;
				GCC_WARN_UNUSED_FUNCTION = YES;
				GCC_WARN_UNUSED_VARIABLE = YES;
				IPHONEOS_DEPLOYMENT_TARGET = 18.2;
				LOCALIZATION_PREFERS_STRING_CATALOGS = YES;
				MTL_ENABLE_DEBUG_INFO = INCLUDE_SOURCE;
				MTL_FAST_MATH = YES;
				ONLY_ACTIVE_ARCH = YES;
				SDKROOT = iphoneos;
				SWIFT_ACTIVE_COMPILATION_CONDITIONS = "DEBUG $(inherited)";
				SWIFT_OPTIMIZATION_LEVEL = "-Onone";
			};
			name = Debug;
		};
		7340D3482D530A1F00F27582 /* Release */ = {
			isa = XCBuildConfiguration;
			buildSettings = {
				ALWAYS_SEARCH_USER_PATHS = NO;
				ASSETCATALOG_COMPILER_GENERATE_SWIFT_ASSET_SYMBOL_EXTENSIONS = YES;
				CLANG_ANALYZER_NONNULL = YES;
				CLANG_ANALYZER_NUMBER_OBJECT_CONVERSION = YES_AGGRESSIVE;
				CLANG_CXX_LANGUAGE_STANDARD = "gnu++20";
				CLANG_ENABLE_MODULES = YES;
				CLANG_ENABLE_OBJC_ARC = YES;
				CLANG_ENABLE_OBJC_WEAK = YES;
				CLANG_WARN_BLOCK_CAPTURE_AUTORELEASING = YES;
				CLANG_WARN_BOOL_CONVERSION = YES;
				CLANG_WARN_COMMA = YES;
				CLANG_WARN_CONSTANT_CONVERSION = YES;
				CLANG_WARN_DEPRECATED_OBJC_IMPLEMENTATIONS = YES;
				CLANG_WARN_DIRECT_OBJC_ISA_USAGE = YES_ERROR;
				CLANG_WARN_DOCUMENTATION_COMMENTS = YES;
				CLANG_WARN_EMPTY_BODY = YES;
				CLANG_WARN_ENUM_CONVERSION = YES;
				CLANG_WARN_INFINITE_RECURSION = YES;
				CLANG_WARN_INT_CONVERSION = YES;
				CLANG_WARN_NON_LITERAL_NULL_CONVERSION = YES;
				CLANG_WARN_OBJC_IMPLICIT_RETAIN_SELF = YES;
				CLANG_WARN_OBJC_LITERAL_CONVERSION = YES;
				CLANG_WARN_OBJC_ROOT_CLASS = YES_ERROR;
				CLANG_WARN_QUOTED_INCLUDE_IN_FRAMEWORK_HEADER = YES;
				CLANG_WARN_RANGE_LOOP_ANALYSIS = YES;
				CLANG_WARN_STRICT_PROTOTYPES = YES;
				CLANG_WARN_SUSPICIOUS_MOVE = YES;
				CLANG_WARN_UNGUARDED_AVAILABILITY = YES_AGGRESSIVE;
				CLANG_WARN_UNREACHABLE_CODE = YES;
				CLANG_WARN__DUPLICATE_METHOD_MATCH = YES;
				COPY_PHASE_STRIP = NO;
				DEBUG_INFORMATION_FORMAT = "dwarf-with-dsym";
				ENABLE_NS_ASSERTIONS = NO;
				ENABLE_STRICT_OBJC_MSGSEND = YES;
				ENABLE_USER_SCRIPT_SANDBOXING = YES;
				GCC_C_LANGUAGE_STANDARD = gnu17;
				GCC_NO_COMMON_BLOCKS = YES;
				GCC_WARN_64_TO_32_BIT_CONVERSION = YES;
				GCC_WARN_ABOUT_RETURN_TYPE = YES_ERROR;
				GCC_WARN_UNDECLARED_SELECTOR = YES;
				GCC_WARN_UNINITIALIZED_AUTOS = YES_AGGRESSIVE;
				GCC_WARN_UNUSED_FUNCTION = YES;
				GCC_WARN_UNUSED_VARIABLE = YES;
				IPHONEOS_DEPLOYMENT_TARGET = 18.2;
				LOCALIZATION_PREFERS_STRING_CATALOGS = YES;
				MTL_ENABLE_DEBUG_INFO = NO;
				MTL_FAST_MATH = YES;
				SDKROOT = iphoneos;
				SWIFT_COMPILATION_MODE = wholemodule;
				VALIDATE_PRODUCT = YES;
			};
			name = Release;
		};
		7340D34A2D530A1F00F27582 /* Debug */ = {
			isa = XCBuildConfiguration;
			buildSettings = {
				ASSETCATALOG_COMPILER_APPICON_NAME = AppIcon;
				ASSETCATALOG_COMPILER_GLOBAL_ACCENT_COLOR_NAME = AccentColor;
				CODE_SIGN_STYLE = Automatic;
				CURRENT_PROJECT_VERSION = 1;
				DEVELOPMENT_ASSET_PATHS = "\"ProductivityTalk/Preview Content\"";
				DEVELOPMENT_TEAM = 3CJNBY6T49;
				ENABLE_PREVIEWS = YES;
				GENERATE_INFOPLIST_FILE = YES;
				INFOPLIST_KEY_UIApplicationSceneManifest_Generation = YES;
				INFOPLIST_KEY_UIApplicationSupportsIndirectInputEvents = YES;
				INFOPLIST_KEY_UILaunchScreen_Generation = YES;
				INFOPLIST_KEY_UISupportedInterfaceOrientations_iPad = "UIInterfaceOrientationPortrait UIInterfaceOrientationPortraitUpsideDown UIInterfaceOrientationLandscapeLeft UIInterfaceOrientationLandscapeRight";
				INFOPLIST_KEY_UISupportedInterfaceOrientations_iPhone = "UIInterfaceOrientationPortrait UIInterfaceOrientationLandscapeLeft UIInterfaceOrientationLandscapeRight";
				LD_RUNPATH_SEARCH_PATHS = (
					"$(inherited)",
					"@executable_path/Frameworks",
				);
				MARKETING_VERSION = 1.0;
				PRODUCT_BUNDLE_IDENTIFIER = com.eus.teacheditai3.ProductivityTalk;
				PRODUCT_NAME = "$(TARGET_NAME)";
				SWIFT_EMIT_LOC_STRINGS = YES;
				SWIFT_VERSION = 5.0;
				TARGETED_DEVICE_FAMILY = "1,2";
			};
			name = Debug;
		};
		7340D34B2D530A1F00F27582 /* Release */ = {
			isa = XCBuildConfiguration;
			buildSettings = {
				ASSETCATALOG_COMPILER_APPICON_NAME = AppIcon;
				ASSETCATALOG_COMPILER_GLOBAL_ACCENT_COLOR_NAME = AccentColor;
				CODE_SIGN_STYLE = Automatic;
				CURRENT_PROJECT_VERSION = 1;
				DEVELOPMENT_ASSET_PATHS = "\"ProductivityTalk/Preview Content\"";
				DEVELOPMENT_TEAM = 3CJNBY6T49;
				ENABLE_PREVIEWS = YES;
				GENERATE_INFOPLIST_FILE = YES;
				INFOPLIST_KEY_UIApplicationSceneManifest_Generation = YES;
				INFOPLIST_KEY_UIApplicationSupportsIndirectInputEvents = YES;
				INFOPLIST_KEY_UILaunchScreen_Generation = YES;
				INFOPLIST_KEY_UISupportedInterfaceOrientations_iPad = "UIInterfaceOrientationPortrait UIInterfaceOrientationPortraitUpsideDown UIInterfaceOrientationLandscapeLeft UIInterfaceOrientationLandscapeRight";
				INFOPLIST_KEY_UISupportedInterfaceOrientations_iPhone = "UIInterfaceOrientationPortrait UIInterfaceOrientationLandscapeLeft UIInterfaceOrientationLandscapeRight";
				LD_RUNPATH_SEARCH_PATHS = (
					"$(inherited)",
					"@executable_path/Frameworks",
				);
				MARKETING_VERSION = 1.0;
				PRODUCT_BUNDLE_IDENTIFIER = com.eus.teacheditai3.ProductivityTalk;
				PRODUCT_NAME = "$(TARGET_NAME)";
				SWIFT_EMIT_LOC_STRINGS = YES;
				SWIFT_VERSION = 5.0;
				TARGETED_DEVICE_FAMILY = "1,2";
			};
			name = Release;
		};
		7340D34D2D530A1F00F27582 /* Debug */ = {
			isa = XCBuildConfiguration;
			buildSettings = {
				BUNDLE_LOADER = "$(TEST_HOST)";
				CODE_SIGN_STYLE = Automatic;
				CURRENT_PROJECT_VERSION = 1;
				DEVELOPMENT_TEAM = 3CJNBY6T49;
				GENERATE_INFOPLIST_FILE = YES;
				IPHONEOS_DEPLOYMENT_TARGET = 18.2;
				MARKETING_VERSION = 1.0;
				PRODUCT_BUNDLE_IDENTIFIER = com.eus.teacheditai3.ProductivityTalkTests;
				PRODUCT_NAME = "$(TARGET_NAME)";
				SWIFT_EMIT_LOC_STRINGS = NO;
				SWIFT_VERSION = 5.0;
				TARGETED_DEVICE_FAMILY = "1,2";
				TEST_HOST = "$(BUILT_PRODUCTS_DIR)/ProductivityTalk.app/$(BUNDLE_EXECUTABLE_FOLDER_PATH)/ProductivityTalk";
			};
			name = Debug;
		};
		7340D34E2D530A1F00F27582 /* Release */ = {
			isa = XCBuildConfiguration;
			buildSettings = {
				BUNDLE_LOADER = "$(TEST_HOST)";
				CODE_SIGN_STYLE = Automatic;
				CURRENT_PROJECT_VERSION = 1;
				DEVELOPMENT_TEAM = 3CJNBY6T49;
				GENERATE_INFOPLIST_FILE = YES;
				IPHONEOS_DEPLOYMENT_TARGET = 18.2;
				MARKETING_VERSION = 1.0;
				PRODUCT_BUNDLE_IDENTIFIER = com.eus.teacheditai3.ProductivityTalkTests;
				PRODUCT_NAME = "$(TARGET_NAME)";
				SWIFT_EMIT_LOC_STRINGS = NO;
				SWIFT_VERSION = 5.0;
				TARGETED_DEVICE_FAMILY = "1,2";
				TEST_HOST = "$(BUILT_PRODUCTS_DIR)/ProductivityTalk.app/$(BUNDLE_EXECUTABLE_FOLDER_PATH)/ProductivityTalk";
			};
			name = Release;
		};
		7340D3502D530A1F00F27582 /* Debug */ = {
			isa = XCBuildConfiguration;
			buildSettings = {
				CODE_SIGN_STYLE = Automatic;
				CURRENT_PROJECT_VERSION = 1;
				DEVELOPMENT_TEAM = 3CJNBY6T49;
				GENERATE_INFOPLIST_FILE = YES;
				MARKETING_VERSION = 1.0;
				PRODUCT_BUNDLE_IDENTIFIER = com.eus.teacheditai3.ProductivityTalkUITests;
				PRODUCT_NAME = "$(TARGET_NAME)";
				SWIFT_EMIT_LOC_STRINGS = NO;
				SWIFT_VERSION = 5.0;
				TARGETED_DEVICE_FAMILY = "1,2";
				TEST_TARGET_NAME = ProductivityTalk;
			};
			name = Debug;
		};
		7340D3512D530A1F00F27582 /* Release */ = {
			isa = XCBuildConfiguration;
			buildSettings = {
				CODE_SIGN_STYLE = Automatic;
				CURRENT_PROJECT_VERSION = 1;
				DEVELOPMENT_TEAM = 3CJNBY6T49;
				GENERATE_INFOPLIST_FILE = YES;
				MARKETING_VERSION = 1.0;
				PRODUCT_BUNDLE_IDENTIFIER = com.eus.teacheditai3.ProductivityTalkUITests;
				PRODUCT_NAME = "$(TARGET_NAME)";
				SWIFT_EMIT_LOC_STRINGS = NO;
				SWIFT_VERSION = 5.0;
				TARGETED_DEVICE_FAMILY = "1,2";
				TEST_TARGET_NAME = ProductivityTalk;
			};
			name = Release;
		};
/* End XCBuildConfiguration section */

/* Begin XCConfigurationList section */
		7340D3202D530A1E00F27582 /* Build configuration list for PBXProject "ProductivityTalk" */ = {
			isa = XCConfigurationList;
			buildConfigurations = (
				7340D3472D530A1F00F27582 /* Debug */,
				7340D3482D530A1F00F27582 /* Release */,
			);
			defaultConfigurationIsVisible = 0;
			defaultConfigurationName = Release;
		};
		7340D3492D530A1F00F27582 /* Build configuration list for PBXNativeTarget "ProductivityTalk" */ = {
			isa = XCConfigurationList;
			buildConfigurations = (
				7340D34A2D530A1F00F27582 /* Debug */,
				7340D34B2D530A1F00F27582 /* Release */,
			);
			defaultConfigurationIsVisible = 0;
			defaultConfigurationName = Release;
		};
		7340D34C2D530A1F00F27582 /* Build configuration list for PBXNativeTarget "ProductivityTalkTests" */ = {
			isa = XCConfigurationList;
			buildConfigurations = (
				7340D34D2D530A1F00F27582 /* Debug */,
				7340D34E2D530A1F00F27582 /* Release */,
			);
			defaultConfigurationIsVisible = 0;
			defaultConfigurationName = Release;
		};
		7340D34F2D530A1F00F27582 /* Build configuration list for PBXNativeTarget "ProductivityTalkUITests" */ = {
			isa = XCConfigurationList;
			buildConfigurations = (
				7340D3502D530A1F00F27582 /* Debug */,
				7340D3512D530A1F00F27582 /* Release */,
			);
			defaultConfigurationIsVisible = 0;
			defaultConfigurationName = Release;
		};
/* End XCConfigurationList section */

/* Begin XCRemoteSwiftPackageReference section */
		7340D3522D530A3400F27582 /* XCRemoteSwiftPackageReference "firebase-ios-sdk" */ = {
			isa = XCRemoteSwiftPackageReference;
			repositoryURL = "https://github.com/firebase/firebase-ios-sdk.git";
			requirement = {
				kind = upToNextMajorVersion;
				minimumVersion = 11.8.1;
			};
		};
/* End XCRemoteSwiftPackageReference section */

/* Begin XCSwiftPackageProductDependency section */
		7340D3542D530A5000F27582 /* FirebaseAnalytics */ = {
			isa = XCSwiftPackageProductDependency;
			package = 7340D3522D530A3400F27582 /* XCRemoteSwiftPackageReference "firebase-ios-sdk" */;
			productName = FirebaseAnalytics;
		};
		7340D3562D530A5000F27582 /* FirebaseAppCheck */ = {
			isa = XCSwiftPackageProductDependency;
			package = 7340D3522D530A3400F27582 /* XCRemoteSwiftPackageReference "firebase-ios-sdk" */;
			productName = FirebaseAppCheck;
		};
		7340D3582D530A5000F27582 /* FirebaseAuth */ = {
			isa = XCSwiftPackageProductDependency;
			package = 7340D3522D530A3400F27582 /* XCRemoteSwiftPackageReference "firebase-ios-sdk" */;
			productName = FirebaseAuth;
		};
		7340D35A2D530A5000F27582 /* FirebaseCore */ = {
			isa = XCSwiftPackageProductDependency;
			package = 7340D3522D530A3400F27582 /* XCRemoteSwiftPackageReference "firebase-ios-sdk" */;
			productName = FirebaseCore;
		};
		7340D35C2D530A5000F27582 /* FirebaseCrashlytics */ = {
			isa = XCSwiftPackageProductDependency;
			package = 7340D3522D530A3400F27582 /* XCRemoteSwiftPackageReference "firebase-ios-sdk" */;
			productName = FirebaseCrashlytics;
		};
		7340D35E2D530A5000F27582 /* FirebaseDatabase */ = {
			isa = XCSwiftPackageProductDependency;
			package = 7340D3522D530A3400F27582 /* XCRemoteSwiftPackageReference "firebase-ios-sdk" */;
			productName = FirebaseDatabase;
		};
		7340D3602D530A5000F27582 /* FirebaseFirestore */ = {
			isa = XCSwiftPackageProductDependency;
			package = 7340D3522D530A3400F27582 /* XCRemoteSwiftPackageReference "firebase-ios-sdk" */;
			productName = FirebaseFirestore;
		};
		7340D3622D530A5000F27582 /* FirebaseFunctions */ = {
			isa = XCSwiftPackageProductDependency;
			package = 7340D3522D530A3400F27582 /* XCRemoteSwiftPackageReference "firebase-ios-sdk" */;
			productName = FirebaseFunctions;
		};
		7340D3642D530A5000F27582 /* FirebaseMessaging */ = {
			isa = XCSwiftPackageProductDependency;
			package = 7340D3522D530A3400F27582 /* XCRemoteSwiftPackageReference "firebase-ios-sdk" */;
			productName = FirebaseMessaging;
		};
		7340D3662D530A5000F27582 /* FirebaseStorage */ = {
			isa = XCSwiftPackageProductDependency;
			package = 7340D3522D530A3400F27582 /* XCRemoteSwiftPackageReference "firebase-ios-sdk" */;
			productName = FirebaseStorage;
		};
/* End XCSwiftPackageProductDependency section */
	};
	rootObject = 7340D31D2D530A1E00F27582 /* Project object */;
}
